
Microsoft Visual Studio Solution File, Format Version 12.00
# Visual Studio 15
VisualStudioVersion = 15.0.27130.2010
MinimumVisualStudioVersion = 10.0.40219.1
Project("{FAE04EC0-301F-11D3-BF4B-00C04F79EFBC}") = "AppStarter", "Medix\AppStarter.csproj", "{AF586BB2-2696-4777-933B-4F32D89A3039}"
EndProject
Project("{FAE04EC0-301F-11D3-BF4B-00C04F79EFBC}") = "Model", "Model\Model.csproj", "{61150757-C5A5-4C53-8E58-1D2418C89498}"
EndProject
Project("{FAE04EC0-301F-11D3-BF4B-00C04F79EFBC}") = "PresentationLayer", "PresentationLayer\PresentationLayer.csproj", "{E4C5CA16-D61B-4D0B-9758-01EF505BCD99}"
EndProject
Project("{FAE04EC0-301F-11D3-BF4B-00C04F79EFBC}") = "Controller", "Controller\Controller.csproj", "{10F29C96-2C7A-415E-94CB-149B7F4699AA}"
EndProject
Project("{FAE04EC0-301F-11D3-BF4B-00C04F79EFBC}") = "BaseLib", "BaseLib\BaseLib.csproj", "{5BDC242C-6311-4B67-85E6-A1ED859DB61C}"
EndProject
Project("{FAE04EC0-301F-11D3-BF4B-00C04F79EFBC}") = "DataAccess", "DataAccess\DataAccess.csproj", "{9632CB62-B95A-4B7D-8B68-4007CF06BB7A}"
EndProject
Project("{FAE04EC0-301F-11D3-BF4B-00C04F79EFBC}") = "Tests", "Tests\Tests.csproj", "{06C5B802-3622-46CC-93DE-EB61E6EADB75}"
EndProject
Global
	GlobalSection(SolutionConfigurationPlatforms) = preSolution
		Debug|Any CPU = Debug|Any CPU
		Release|Any CPU = Release|Any CPU
	EndGlobalSection
	GlobalSection(ProjectConfigurationPlatforms) = postSolution
		{AF586BB2-2696-4777-933B-4F32D89A3039}.Debug|Any CPU.ActiveCfg = Debug|Any CPU
		{AF586BB2-2696-4777-933B-4F32D89A3039}.Debug|Any CPU.Build.0 = Debug|Any CPU
		{AF586BB2-2696-4777-933B-4F32D89A3039}.Release|Any CPU.ActiveCfg = Release|Any CPU
		{AF586BB2-2696-4777-933B-4F32D89A3039}.Release|Any CPU.Build.0 = Release|Any CPU
		{61150757-C5A5-4C53-8E58-1D2418C89498}.Debug|Any CPU.ActiveCfg = Debug|Any CPU
		{61150757-C5A5-4C53-8E58-1D2418C89498}.Debug|Any CPU.Build.0 = Debug|Any CPU
		{61150757-C5A5-4C53-8E58-1D2418C89498}.Release|Any CPU.ActiveCfg = Release|Any CPU
		{61150757-C5A5-4C53-8E58-1D2418C89498}.Release|Any CPU.Build.0 = Release|Any CPU
		{E4C5CA16-D61B-4D0B-9758-01EF505BCD99}.Debug|Any CPU.ActiveCfg = Debug|Any CPU
		{E4C5CA16-D61B-4D0B-9758-01EF505BCD99}.Debug|Any CPU.Build.0 = Debug|Any CPU
		{E4C5CA16-D61B-4D0B-9758-01EF505BCD99}.Release|Any CPU.ActiveCfg = Release|Any CPU
		{E4C5CA16-D61B-4D0B-9758-01EF505BCD99}.Release|Any CPU.Build.0 = Release|Any CPU
		{10F29C96-2C7A-415E-94CB-149B7F4699AA}.Debug|Any CPU.ActiveCfg = Debug|Any CPU
		{10F29C96-2C7A-415E-94CB-149B7F4699AA}.Debug|Any CPU.Build.0 = Debug|Any CPU
		{10F29C96-2C7A-415E-94CB-149B7F4699AA}.Release|Any CPU.ActiveCfg = Release|Any CPU
		{10F29C96-2C7A-415E-94CB-149B7F4699AA}.Release|Any CPU.Build.0 = Release|Any CPU
		{5BDC242C-6311-4B67-85E6-A1ED859DB61C}.Debug|Any CPU.ActiveCfg = Debug|Any CPU
		{5BDC242C-6311-4B67-85E6-A1ED859DB61C}.Debug|Any CPU.Build.0 = Debug|Any CPU
		{5BDC242C-6311-4B67-85E6-A1ED859DB61C}.Release|Any CPU.ActiveCfg = Release|Any CPU
		{5BDC242C-6311-4B67-85E6-A1ED859DB61C}.Release|Any CPU.Build.0 = Release|Any CPU
		{9632CB62-B95A-4B7D-8B68-4007CF06BB7A}.Debug|Any CPU.ActiveCfg = Debug|Any CPU
		{9632CB62-B95A-4B7D-8B68-4007CF06BB7A}.Debug|Any CPU.Build.0 = Debug|Any CPU
		{9632CB62-B95A-4B7D-8B68-4007CF06BB7A}.Release|Any CPU.ActiveCfg = Release|Any CPU
		{9632CB62-B95A-4B7D-8B68-4007CF06BB7A}.Release|Any CPU.Build.0 = Release|Any CPU
		{06C5B802-3622-46CC-93DE-EB61E6EADB75}.Debug|Any CPU.ActiveCfg = Debug|Any CPU
		{06C5B802-3622-46CC-93DE-EB61E6EADB75}.Debug|Any CPU.Build.0 = Debug|Any CPU
		{06C5B802-3622-46CC-93DE-EB61E6EADB75}.Release|Any CPU.ActiveCfg = Release|Any CPU
		{06C5B802-3622-46CC-93DE-EB61E6EADB75}.Release|Any CPU.Build.0 = Release|Any CPU
	EndGlobalSection
	GlobalSection(SolutionProperties) = preSolution
		HideSolutionNode = FALSE
	EndGlobalSection
	GlobalSection(ExtensibilityGlobals) = postSolution
		SolutionGuid = {572E3CED-3A13-41A0-AA4A-D5074D536CC7}
	EndGlobalSection
EndGlobal
